
Microsoft Visual Studio Solution File, Format Version 12.00
# Visual Studio Version 17
VisualStudioVersion = 17.2.32616.157
MinimumVisualStudioVersion = 10.0.40219.1
Project("{FAE04EC0-301F-11D3-BF4B-00C04F79EFBC}") = "ModManagerMod", "ModManagerMod.csproj", "{9DD71CD7-B163-4494-90FE-E18E71C64421}"
EndProject
Project("{FAE04EC0-301F-11D3-BF4B-00C04F79EFBC}") = "ModManagerAutUpdatePlugin", "..\ModManagerAutUpdatePlugin\ModManagerAutUpdatePlugin.csproj", "{91D35B45-E252-4C59-803E-C1A7B14D6478}"
EndProject
Global
	GlobalSection(SolutionConfigurationPlatforms) = preSolution
		Debug|Any CPU = Debug|Any CPU
		Release|Any CPU = Release|Any CPU
	EndGlobalSection
	GlobalSection(ProjectConfigurationPlatforms) = postSolution
		{9DD71CD7-B163-4494-90FE-E18E71C64421}.Debug|Any CPU.ActiveCfg = Debug|Any CPU
		{9DD71CD7-B163-4494-90FE-E18E71C64421}.Debug|Any CPU.Build.0 = Debug|Any CPU
		{9DD71CD7-B163-4494-90FE-E18E71C64421}.Release|Any CPU.ActiveCfg = Release|Any CPU
		{9DD71CD7-B163-4494-90FE-E18E71C64421}.Release|Any CPU.Build.0 = Release|Any CPU
		{91D35B45-E252-4C59-803E-C1A7B14D6478}.Debug|Any CPU.ActiveCfg = Debug|Any CPU
		{91D35B45-E252-4C59-803E-C1A7B14D6478}.Debug|Any CPU.Build.0 = Debug|Any CPU
		{91D35B45-E252-4C59-803E-C1A7B14D6478}.Release|Any CPU.ActiveCfg = Release|Any CPU
		{91D35B45-E252-4C59-803E-C1A7B14D6478}.Release|Any CPU.Build.0 = Release|Any CPU
	EndGlobalSection
	GlobalSection(SolutionProperties) = preSolution
		HideSolutionNode = FALSE
	EndGlobalSection
	GlobalSection(ExtensibilityGlobals) = postSolution
		SolutionGuid = {1EA5834C-2A92-4891-BFE5-D58BD8B07AD4}
	EndGlobalSection
EndGlobal
